// !$*UTF8*$!
{
	archiveVersion = 1;
	classes = {
	};
	objectVersion = 50;
	objects = {

/* Begin PBXBuildFile section */
		22925024218D252700E2E3E0 /* TableVC.swift in Sources */ = {isa = PBXBuildFile; fileRef = 22925023218D252700E2E3E0 /* TableVC.swift */; };
		22AE3F96218B903B00B9E0B9 /* UdacityParseClient.swift in Sources */ = {isa = PBXBuildFile; fileRef = 22AE3F95218B903B00B9E0B9 /* UdacityParseClient.swift */; };
		22AE3F98218B906000B9E0B9 /* UdacityParseConstants.swift in Sources */ = {isa = PBXBuildFile; fileRef = 22AE3F97218B906000B9E0B9 /* UdacityParseConstants.swift */; };
		22AE3F9B218B909500B9E0B9 /* NetworkingMethods.swift in Sources */ = {isa = PBXBuildFile; fileRef = 22AE3F9A218B909500B9E0B9 /* NetworkingMethods.swift */; };
		22AE3F9E218B910C00B9E0B9 /* StudentLocationStruct.swift in Sources */ = {isa = PBXBuildFile; fileRef = 22AE3F9D218B910C00B9E0B9 /* StudentLocationStruct.swift */; };
		22AE3FA0218B944700B9E0B9 /* PinMapController.swift in Sources */ = {isa = PBXBuildFile; fileRef = 22AE3F9F218B944700B9E0B9 /* PinMapController.swift */; };
		9B0DE9F9217EEFF300646611 /* AppDelegate.swift in Sources */ = {isa = PBXBuildFile; fileRef = 9B0DE9F8217EEFF300646611 /* AppDelegate.swift */; };
		9B0DE9FB217EEFF300646611 /* HomeBaseController.swift in Sources */ = {isa = PBXBuildFile; fileRef = 9B0DE9FA217EEFF300646611 /* HomeBaseController.swift */; };
		9B0DE9FE217EEFF300646611 /* Main.storyboard in Resources */ = {isa = PBXBuildFile; fileRef = 9B0DE9FC217EEFF300646611 /* Main.storyboard */; };
		9B0DEA00217EEFF400646611 /* Assets.xcassets in Resources */ = {isa = PBXBuildFile; fileRef = 9B0DE9FF217EEFF400646611 /* Assets.xcassets */; };
		9B0DEA03217EEFF400646611 /* LaunchScreen.storyboard in Resources */ = {isa = PBXBuildFile; fileRef = 9B0DEA01217EEFF400646611 /* LaunchScreen.storyboard */; };
		9B0DEA0B217FDB1500646611 /* LoginViewController.swift in Sources */ = {isa = PBXBuildFile; fileRef = 9B0DEA0A217FDB1500646611 /* LoginViewController.swift */; };
		9B0DEA0F217FDDC900646611 /* GCDBlackbox.swift in Sources */ = {isa = PBXBuildFile; fileRef = 9B0DEA0E217FDDC900646611 /* GCDBlackbox.swift */; };
/* End PBXBuildFile section */

/* Begin PBXFileReference section */
		22925023218D252700E2E3E0 /* TableVC.swift */ = {isa = PBXFileReference; lastKnownFileType = sourcecode.swift; path = TableVC.swift; sourceTree = "<group>"; };
		22AE3F95218B903B00B9E0B9 /* UdacityParseClient.swift */ = {isa = PBXFileReference; lastKnownFileType = sourcecode.swift; path = UdacityParseClient.swift; sourceTree = "<group>"; };
		22AE3F97218B906000B9E0B9 /* UdacityParseConstants.swift */ = {isa = PBXFileReference; lastKnownFileType = sourcecode.swift; path = UdacityParseConstants.swift; sourceTree = "<group>"; };
		22AE3F9A218B909500B9E0B9 /* NetworkingMethods.swift */ = {isa = PBXFileReference; lastKnownFileType = sourcecode.swift; path = NetworkingMethods.swift; sourceTree = "<group>"; };
		22AE3F9D218B910C00B9E0B9 /* StudentLocationStruct.swift */ = {isa = PBXFileReference; lastKnownFileType = sourcecode.swift; path = StudentLocationStruct.swift; sourceTree = "<group>"; };
		22AE3F9F218B944700B9E0B9 /* PinMapController.swift */ = {isa = PBXFileReference; lastKnownFileType = sourcecode.swift; path = PinMapController.swift; sourceTree = "<group>"; };
		9B0DE9F5217EEFF300646611 /* onthemap.app */ = {isa = PBXFileReference; explicitFileType = wrapper.application; includeInIndex = 0; path = onthemap.app; sourceTree = BUILT_PRODUCTS_DIR; };
		9B0DE9F8217EEFF300646611 /* AppDelegate.swift */ = {isa = PBXFileReference; lastKnownFileType = sourcecode.swift; path = AppDelegate.swift; sourceTree = "<group>"; };
		9B0DE9FA217EEFF300646611 /* HomeBaseController.swift */ = {isa = PBXFileReference; lastKnownFileType = sourcecode.swift; path = HomeBaseController.swift; sourceTree = "<group>"; };
		9B0DE9FD217EEFF300646611 /* Base */ = {isa = PBXFileReference; lastKnownFileType = file.storyboard; name = Base; path = Base.lproj/Main.storyboard; sourceTree = "<group>"; };
		9B0DE9FF217EEFF400646611 /* Assets.xcassets */ = {isa = PBXFileReference; lastKnownFileType = folder.assetcatalog; path = Assets.xcassets; sourceTree = "<group>"; };
		9B0DEA02217EEFF400646611 /* Base */ = {isa = PBXFileReference; lastKnownFileType = file.storyboard; name = Base; path = Base.lproj/LaunchScreen.storyboard; sourceTree = "<group>"; };
		9B0DEA04217EEFF400646611 /* Info.plist */ = {isa = PBXFileReference; lastKnownFileType = text.plist.xml; path = Info.plist; sourceTree = "<group>"; };
		9B0DEA0A217FDB1500646611 /* LoginViewController.swift */ = {isa = PBXFileReference; lastKnownFileType = sourcecode.swift; path = LoginViewController.swift; sourceTree = "<group>"; };
		9B0DEA0E217FDDC900646611 /* GCDBlackbox.swift */ = {isa = PBXFileReference; fileEncoding = 4; lastKnownFileType = sourcecode.swift; path = GCDBlackbox.swift; sourceTree = "<group>"; };
/* End PBXFileReference section */

/* Begin PBXFrameworksBuildPhase section */
		9B0DE9F2217EEFF300646611 /* Frameworks */ = {
			isa = PBXFrameworksBuildPhase;
			buildActionMask = 2147483647;
			files = (
			);
			runOnlyForDeploymentPostprocessing = 0;
		};
/* End PBXFrameworksBuildPhase section */

/* Begin PBXGroup section */
		22AE3F94218B902000B9E0B9 /* Model */ = {
			isa = PBXGroup;
			children = (
				22AE3F9C218B90E400B9E0B9 /* Structs */,
				22AE3F99218B907D00B9E0B9 /* Udacity Parser */,
			);
			path = Model;
			sourceTree = "<group>";
		};
		22AE3F99218B907D00B9E0B9 /* Udacity Parser */ = {
			isa = PBXGroup;
			children = (
				22AE3F95218B903B00B9E0B9 /* UdacityParseClient.swift */,
				22AE3F97218B906000B9E0B9 /* UdacityParseConstants.swift */,
				22AE3F9A218B909500B9E0B9 /* NetworkingMethods.swift */,
			);
			path = "Udacity Parser";
			sourceTree = "<group>";
		};
		22AE3F9C218B90E400B9E0B9 /* Structs */ = {
			isa = PBXGroup;
			children = (
				22AE3F9D218B910C00B9E0B9 /* StudentLocationStruct.swift */,
			);
			path = Structs;
			sourceTree = "<group>";
		};
		9B0DE9EC217EEFF300646611 = {
			isa = PBXGroup;
			children = (
				9B0DE9F7217EEFF300646611 /* onthemap */,
				9B0DE9F6217EEFF300646611 /* Products */,
			);
			sourceTree = "<group>";
		};
		9B0DE9F6217EEFF300646611 /* Products */ = {
			isa = PBXGroup;
			children = (
				9B0DE9F5217EEFF300646611 /* onthemap.app */,
			);
			name = Products;
			sourceTree = "<group>";
		};
		9B0DE9F7217EEFF300646611 /* onthemap */ = {
			isa = PBXGroup;
			children = (
				22AE3F94218B902000B9E0B9 /* Model */,
				9B0DEA1221800EF200646611 /* View */,
				9B0DEA1021800C3500646611 /* Controller */,
				9B0DEA1121800D0100646611 /* Supporting Files */,
				9B0DEA04217EEFF400646611 /* Info.plist */,
				9B0DEA0E217FDDC900646611 /* GCDBlackbox.swift */,
				9B0DE9FF217EEFF400646611 /* Assets.xcassets */,
			);
			path = onthemap;
			sourceTree = "<group>";
		};
		9B0DEA1021800C3500646611 /* Controller */ = {
			isa = PBXGroup;
			children = (
				9B0DEA0A217FDB1500646611 /* LoginViewController.swift */,
				9B0DE9FA217EEFF300646611 /* HomeBaseController.swift */,
				22AE3F9F218B944700B9E0B9 /* PinMapController.swift */,
				22925023218D252700E2E3E0 /* TableVC.swift */,
			);
			path = Controller;
			sourceTree = "<group>";
		};
		9B0DEA1121800D0100646611 /* Supporting Files */ = {
			isa = PBXGroup;
			children = (
				9B0DE9F8217EEFF300646611 /* AppDelegate.swift */,
			);
			path = "Supporting Files";
			sourceTree = "<group>";
		};
		9B0DEA1221800EF200646611 /* View */ = {
			isa = PBXGroup;
			children = (
				9B0DEA1321800F0300646611 /* Storyboard */,
			);
			path = View;
			sourceTree = "<group>";
		};
		9B0DEA1321800F0300646611 /* Storyboard */ = {
			isa = PBXGroup;
			children = (
				9B0DE9FC217EEFF300646611 /* Main.storyboard */,
				9B0DEA01217EEFF400646611 /* LaunchScreen.storyboard */,
			);
			path = Storyboard;
			sourceTree = "<group>";
		};
/* End PBXGroup section */

/* Begin PBXNativeTarget section */
		9B0DE9F4217EEFF300646611 /* onthemap */ = {
			isa = PBXNativeTarget;
			buildConfigurationList = 9B0DEA07217EEFF400646611 /* Build configuration list for PBXNativeTarget "onthemap" */;
			buildPhases = (
				9B0DE9F1217EEFF300646611 /* Sources */,
				9B0DE9F2217EEFF300646611 /* Frameworks */,
				9B0DE9F3217EEFF300646611 /* Resources */,
			);
			buildRules = (
			);
			dependencies = (
			);
			name = onthemap;
			productName = onthemap;
			productReference = 9B0DE9F5217EEFF300646611 /* onthemap.app */;
			productType = "com.apple.product-type.application";
		};
/* End PBXNativeTarget section */

/* Begin PBXProject section */
		9B0DE9ED217EEFF300646611 /* Project object */ = {
			isa = PBXProject;
			attributes = {
				LastSwiftUpdateCheck = 1000;
				LastUpgradeCheck = 1000;
				ORGANIZATIONNAME = sudo;
				TargetAttributes = {
					9B0DE9F4217EEFF300646611 = {
						CreatedOnToolsVersion = 10.0;
					};
				};
			};
			buildConfigurationList = 9B0DE9F0217EEFF300646611 /* Build configuration list for PBXProject "onthemap" */;
			compatibilityVersion = "Xcode 9.3";
			developmentRegion = en;
			hasScannedForEncodings = 0;
			knownRegions = (
				en,
				Base,
			);
			mainGroup = 9B0DE9EC217EEFF300646611;
			productRefGroup = 9B0DE9F6217EEFF300646611 /* Products */;
			projectDirPath = "";
			projectRoot = "";
			targets = (
				9B0DE9F4217EEFF300646611 /* onthemap */,
			);
		};
/* End PBXProject section */

/* Begin PBXResourcesBuildPhase section */
		9B0DE9F3217EEFF300646611 /* Resources */ = {
			isa = PBXResourcesBuildPhase;
			buildActionMask = 2147483647;
			files = (
				9B0DEA03217EEFF400646611 /* LaunchScreen.storyboard in Resources */,
				9B0DEA00217EEFF400646611 /* Assets.xcassets in Resources */,
				9B0DE9FE217EEFF300646611 /* Main.storyboard in Resources */,
			);
			runOnlyForDeploymentPostprocessing = 0;
		};
/* End PBXResourcesBuildPhase section */

/* Begin PBXSourcesBuildPhase section */
		9B0DE9F1217EEFF300646611 /* Sources */ = {
			isa = PBXSourcesBuildPhase;
			buildActionMask = 2147483647;
			files = (
				9B0DEA0F217FDDC900646611 /* GCDBlackbox.swift in Sources */,
				22AE3F96218B903B00B9E0B9 /* UdacityParseClient.swift in Sources */,
				9B0DEA0B217FDB1500646611 /* LoginViewController.swift in Sources */,
				22925024218D252700E2E3E0 /* TableVC.swift in Sources */,
				22AE3F9E218B910C00B9E0B9 /* StudentLocationStruct.swift in Sources */,
				22AE3F98218B906000B9E0B9 /* UdacityParseConstants.swift in Sources */,
				9B0DE9FB217EEFF300646611 /* HomeBaseController.swift in Sources */,
				22AE3FA0218B944700B9E0B9 /* PinMapController.swift in Sources */,
				9B0DE9F9217EEFF300646611 /* AppDelegate.swift in Sources */,
				22AE3F9B218B909500B9E0B9 /* NetworkingMethods.swift in Sources */,
			);
			runOnlyForDeploymentPostprocessing = 0;
		};
/* End PBXSourcesBuildPhase section */

/* Begin PBXVariantGroup section */
		9B0DE9FC217EEFF300646611 /* Main.storyboard */ = {
			isa = PBXVariantGroup;
			children = (
				9B0DE9FD217EEFF300646611 /* Base */,
			);
			name = Main.storyboard;
			sourceTree = "<group>";
		};
		9B0DEA01217EEFF400646611 /* LaunchScreen.storyboard */ = {
			isa = PBXVariantGroup;
			children = (
				9B0DEA02217EEFF400646611 /* Base */,
			);
			name = LaunchScreen.storyboard;
			sourceTree = "<group>";
		};
/* End PBXVariantGroup section */

/* Begin XCBuildConfiguration section */
		9B0DEA05217EEFF400646611 /* Debug */ = {
			isa = XCBuildConfiguration;
			buildSettings = {
				ALWAYS_SEARCH_USER_PATHS = NO;
				CLANG_ANALYZER_NONNULL = YES;
				CLANG_ANALYZER_NUMBER_OBJECT_CONVERSION = YES_AGGRESSIVE;
				CLANG_CXX_LANGUAGE_STANDARD = "gnu++14";
				CLANG_CXX_LIBRARY = "libc++";
				CLANG_ENABLE_MODULES = YES;
				CLANG_ENABLE_OBJC_ARC = YES;
				CLANG_ENABLE_OBJC_WEAK = YES;
				CLANG_WARN_BLOCK_CAPTURE_AUTORELEASING = YES;
				CLANG_WARN_BOOL_CONVERSION = YES;
				CLANG_WARN_COMMA = YES;
				CLANG_WARN_CONSTANT_CONVERSION = YES;
				CLANG_WARN_DEPRECATED_OBJC_IMPLEMENTATIONS = YES;
				CLANG_WARN_DIRECT_OBJC_ISA_USAGE = YES_ERROR;
				CLANG_WARN_DOCUMENTATION_COMMENTS = YES;
				CLANG_WARN_EMPTY_BODY = YES;
				CLANG_WARN_ENUM_CONVERSION = YES;
				CLANG_WARN_INFINITE_RECURSION = YES;
				CLANG_WARN_INT_CONVERSION = YES;
				CLANG_WARN_NON_LITERAL_NULL_CONVERSION = YES;
				CLANG_WARN_OBJC_IMPLICIT_RETAIN_SELF = YES;
				CLANG_WARN_OBJC_LITERAL_CONVERSION = YES;
				CLANG_WARN_OBJC_ROOT_CLASS = YES_ERROR;
				CLANG_WARN_RANGE_LOOP_ANALYSIS = YES;
				CLANG_WARN_STRICT_PROTOTYPES = YES;
				CLANG_WARN_SUSPICIOUS_MOVE = YES;
				CLANG_WARN_UNGUARDED_AVAILABILITY = YES_AGGRESSIVE;
				CLANG_WARN_UNREACHABLE_CODE = YES;
				CLANG_WARN__DUPLICATE_METHOD_MATCH = YES;
				CODE_SIGN_IDENTITY = "iPhone Developer";
				COPY_PHASE_STRIP = NO;
				DEBUG_INFORMATION_FORMAT = dwarf;
				ENABLE_STRICT_OBJC_MSGSEND = YES;
				ENABLE_TESTABILITY = YES;
				GCC_C_LANGUAGE_STANDARD = gnu11;
				GCC_DYNAMIC_NO_PIC = NO;
				GCC_NO_COMMON_BLOCKS = YES;
				GCC_OPTIMIZATION_LEVEL = 0;
				GCC_PREPROCESSOR_DEFINITIONS = (
					"DEBUG=1",
					"$(inherited)",
				);
				GCC_WARN_64_TO_32_BIT_CONVERSION = YES;
				GCC_WARN_ABOUT_RETURN_TYPE = YES_ERROR;
				GCC_WARN_UNDECLARED_SELECTOR = YES;
				GCC_WARN_UNINITIALIZED_AUTOS = YES_AGGRESSIVE;
				GCC_WARN_UNUSED_FUNCTION = YES;
				GCC_WARN_UNUSED_VARIABLE = YES;
				IPHONEOS_DEPLOYMENT_TARGET = 12.0;
				MTL_ENABLE_DEBUG_INFO = INCLUDE_SOURCE;
				MTL_FAST_MATH = YES;
				ONLY_ACTIVE_ARCH = YES;
				SDKROOT = iphoneos;
				SWIFT_ACTIVE_COMPILATION_CONDITIONS = DEBUG;
				SWIFT_OPTIMIZATION_LEVEL = "-Onone";
			};
			name = Debug;
		};
		9B0DEA06217EEFF400646611 /* Release */ = {
			isa = XCBuildConfiguration;
			buildSettings = {
				ALWAYS_SEARCH_USER_PATHS = NO;
				CLANG_ANALYZER_NONNULL = YES;
				CLANG_ANALYZER_NUMBER_OBJECT_CONVERSION = YES_AGGRESSIVE;
				CLANG_CXX_LANGUAGE_STANDARD = "gnu++14";
				CLANG_CXX_LIBRARY = "libc++";
				CLANG_ENABLE_MODULES = YES;
				CLANG_ENABLE_OBJC_ARC = YES;
				CLANG_ENABLE_OBJC_WEAK = YES;
				CLANG_WARN_BLOCK_CAPTURE_AUTORELEASING = YES;
				CLANG_WARN_BOOL_CONVERSION = YES;
				CLANG_WARN_COMMA = YES;
				CLANG_WARN_CONSTANT_CONVERSION = YES;
				CLANG_WARN_DEPRECATED_OBJC_IMPLEMENTATIONS = YES;
				CLANG_WARN_DIRECT_OBJC_ISA_USAGE = YES_ERROR;
				CLANG_WARN_DOCUMENTATION_COMMENTS = YES;
				CLANG_WARN_EMPTY_BODY = YES;
				CLANG_WARN_ENUM_CONVERSION = YES;
				CLANG_WARN_INFINITE_RECURSION = YES;
				CLANG_WARN_INT_CONVERSION = YES;
				CLANG_WARN_NON_LITERAL_NULL_CONVERSION = YES;
				CLANG_WARN_OBJC_IMPLICIT_RETAIN_SELF = YES;
				CLANG_WARN_OBJC_LITERAL_CONVERSION = YES;
				CLANG_WARN_OBJC_ROOT_CLASS = YES_ERROR;
				CLANG_WARN_RANGE_LOOP_ANALYSIS = YES;
				CLANG_WARN_STRICT_PROTOTYPES = YES;
				CLANG_WARN_SUSPICIOUS_MOVE = YES;
				CLANG_WARN_UNGUARDED_AVAILABILITY = YES_AGGRESSIVE;
				CLANG_WARN_UNREACHABLE_CODE = YES;
				CLANG_WARN__DUPLICATE_METHOD_MATCH = YES;
				CODE_SIGN_IDENTITY = "iPhone Developer";
				COPY_PHASE_STRIP = NO;
				DEBUG_INFORMATION_FORMAT = "dwarf-with-dsym";
				ENABLE_NS_ASSERTIONS = NO;
				ENABLE_STRICT_OBJC_MSGSEND = YES;
				GCC_C_LANGUAGE_STANDARD = gnu11;
				GCC_NO_COMMON_BLOCKS = YES;
				GCC_WARN_64_TO_32_BIT_CONVERSION = YES;
				GCC_WARN_ABOUT_RETURN_TYPE = YES_ERROR;
				GCC_WARN_UNDECLARED_SELECTOR = YES;
				GCC_WARN_UNINITIALIZED_AUTOS = YES_AGGRESSIVE;
				GCC_WARN_UNUSED_FUNCTION = YES;
				GCC_WARN_UNUSED_VARIABLE = YES;
				IPHONEOS_DEPLOYMENT_TARGET = 12.0;
				MTL_ENABLE_DEBUG_INFO = NO;
				MTL_FAST_MATH = YES;
				SDKROOT = iphoneos;
				SWIFT_COMPILATION_MODE = wholemodule;
				SWIFT_OPTIMIZATION_LEVEL = "-O";
				VALIDATE_PRODUCT = YES;
			};
			name = Release;
		};
		9B0DEA08217EEFF400646611 /* Debug */ = {
			isa = XCBuildConfiguration;
			buildSettings = {
				ASSETCATALOG_COMPILER_APPICON_NAME = AppIcon;
				CODE_SIGN_STYLE = Automatic;
				DEVELOPMENT_TEAM = A9UMG393DW;
				INFOPLIST_FILE = onthemap/Info.plist;
				LD_RUNPATH_SEARCH_PATHS = (
					"$(inherited)",
					"@executable_path/Frameworks",
				);
				PRODUCT_BUNDLE_IDENTIFIER = ggsudo.com.onthemap;
				PRODUCT_NAME = "$(TARGET_NAME)";
				SWIFT_VERSION = 4.2;
				TARGETED_DEVICE_FAMILY = "1,2";
			};
			name = Debug;
		};
		9B0DEA09217EEFF400646611 /* Release */ = {
			isa = XCBuildConfiguration;
			buildSettings = {
				ASSETCATALOG_COMPILER_APPICON_NAME = AppIcon;
				CODE_SIGN_STYLE = Automatic;
				DEVELOPMENT_TEAM = A9UMG393DW;
				INFOPLIST_FILE = onthemap/Info.plist;
				LD_RUNPATH_SEARCH_PATHS = (
					"$(inherited)",
					"@executable_path/Frameworks",
				);
				PRODUCT_BUNDLE_IDENTIFIER = ggsudo.com.onthemap;
				PRODUCT_NAME = "$(TARGET_NAME)";
				SWIFT_VERSION = 4.2;
				TARGETED_DEVICE_FAMILY = "1,2";
			};
			name = Release;
		};
/* End XCBuildConfiguration section */

/* Begin XCConfigurationList section */
		9B0DE9F0217EEFF300646611 /* Build configuration list for PBXProject "onthemap" */ = {
			isa = XCConfigurationList;
			buildConfigurations = (
				9B0DEA05217EEFF400646611 /* Debug */,
				9B0DEA06217EEFF400646611 /* Release */,
			);
			defaultConfigurationIsVisible = 0;
			defaultConfigurationName = Release;
		};
		9B0DEA07217EEFF400646611 /* Build configuration list for PBXNativeTarget "onthemap" */ = {
			isa = XCConfigurationList;
			buildConfigurations = (
				9B0DEA08217EEFF400646611 /* Debug */,
				9B0DEA09217EEFF400646611 /* Release */,
			);
			defaultConfigurationIsVisible = 0;
			defaultConfigurationName = Release;
		};
/* End XCConfigurationList section */
	};
	rootObject = 9B0DE9ED217EEFF300646611 /* Project object */;
}
